
Microsoft Visual Studio Solution File, Format Version 12.00
# Visual Studio Version 17
VisualStudioVersion = 17.5.33530.505
MinimumVisualStudioVersion = 10.0.40219.1
Project("{9A19103F-16F7-4668-BE54-9A1E7A4F7556}") = "LicenseRentalAPI", "LicenseRentalAPI\LicenseRentalAPI.csproj", "{89CD94F9-A06F-48D3-9C1D-924AED1E2397}"
EndProject
Project("{9A19103F-16F7-4668-BE54-9A1E7A4F7556}") = "LicenseFunctionApp", "LicenseFunctionApp\LicenseFunctionApp.csproj", "{B39C292C-AAA0-4B11-9EBF-9C2D717E950A}"
EndProject
Global
	GlobalSection(SolutionConfigurationPlatforms) = preSolution
		Debug|Any CPU = Debug|Any CPU
		Release|Any CPU = Release|Any CPU
	EndGlobalSection
	GlobalSection(ProjectConfigurationPlatforms) = postSolution
		{89CD94F9-A06F-48D3-9C1D-924AED1E2397}.Debug|Any CPU.ActiveCfg = Debug|Any CPU
		{89CD94F9-A06F-48D3-9C1D-924AED1E2397}.Debug|Any CPU.Build.0 = Debug|Any CPU
		{89CD94F9-A06F-48D3-9C1D-924AED1E2397}.Release|Any CPU.ActiveCfg = Release|Any CPU
		{89CD94F9-A06F-48D3-9C1D-924AED1E2397}.Release|Any CPU.Build.0 = Release|Any CPU
		{B39C292C-AAA0-4B11-9EBF-9C2D717E950A}.Debug|Any CPU.ActiveCfg = Debug|Any CPU
		{B39C292C-AAA0-4B11-9EBF-9C2D717E950A}.Debug|Any CPU.Build.0 = Debug|Any CPU
		{B39C292C-AAA0-4B11-9EBF-9C2D717E950A}.Release|Any CPU.ActiveCfg = Release|Any CPU
		{B39C292C-AAA0-4B11-9EBF-9C2D717E950A}.Release|Any CPU.Build.0 = Release|Any CPU
	EndGlobalSection
	GlobalSection(SolutionProperties) = preSolution
		HideSolutionNode = FALSE
	EndGlobalSection
	GlobalSection(ExtensibilityGlobals) = postSolution
		SolutionGuid = {BC95B244-F01B-4B3E-BDCF-917E06104AFB}
	EndGlobalSection
EndGlobal
